
Microsoft Visual Studio Solution File, Format Version 12.00
# Visual Studio Version 17
VisualStudioVersion = 17.8.35430.204
MinimumVisualStudioVersion = 10.0.40219.1
Project("{9A19103F-16F7-4668-BE54-9A1E7A4F7556}") = "Ai_Inside", "Ai_Inside\Ai_Inside.csproj", "{A6C86B0B-D202-482F-B39C-83AFC8FF3ED7}"
EndProject
Global
	GlobalSection(SolutionConfigurationPlatforms) = preSolution
		Debug|Any CPU = Debug|Any CPU
		Release|Any CPU = Release|Any CPU
	EndGlobalSection
	GlobalSection(ProjectConfigurationPlatforms) = postSolution
		{A6C86B0B-D202-482F-B39C-83AFC8FF3ED7}.Debug|Any CPU.ActiveCfg = Debug|Any CPU
		{A6C86B0B-D202-482F-B39C-83AFC8FF3ED7}.Debug|Any CPU.Build.0 = Debug|Any CPU
		{A6C86B0B-D202-482F-B39C-83AFC8FF3ED7}.Release|Any CPU.ActiveCfg = Release|Any CPU
		{A6C86B0B-D202-482F-B39C-83AFC8FF3ED7}.Release|Any CPU.Build.0 = Release|Any CPU
	EndGlobalSection
	GlobalSection(SolutionProperties) = preSolution
		HideSolutionNode = FALSE
	EndGlobalSection
	GlobalSection(ExtensibilityGlobals) = postSolution
		SolutionGuid = {F92AA553-4CE4-46BC-9BF9-AB079A642381}
	EndGlobalSection
EndGlobal
